
Microsoft Visual Studio Solution File, Format Version 12.00
# Visual Studio 15
VisualStudioVersion = 15.0.26124.0
MinimumVisualStudioVersion = 15.0.26124.0
Project("{2150E333-8FDC-42A3-9474-1A3956D46DE8}") = "src", "src", "{DE479EB9-C694-4F86-AB0B-ABC4390330AF}"
EndProject
Project("{FAE04EC0-301F-11D3-BF4B-00C04F79EFBC}") = "API", "API\API.csproj", "{F515B80C-18CD-41EA-84D8-E72DA951F237}"
EndProject
Global
	GlobalSection(SolutionConfigurationPlatforms) = preSolution
		Debug|Any CPU = Debug|Any CPU
		Release|Any CPU = Release|Any CPU
	EndGlobalSection
	GlobalSection(ProjectConfigurationPlatforms) = postSolution
		{F515B80C-18CD-41EA-84D8-E72DA951F237}.Debug|Any CPU.ActiveCfg = Debug|Any CPU
		{F515B80C-18CD-41EA-84D8-E72DA951F237}.Debug|Any CPU.Build.0 = Debug|Any CPU
		{F515B80C-18CD-41EA-84D8-E72DA951F237}.Release|Any CPU.ActiveCfg = Release|Any CPU
		{F515B80C-18CD-41EA-84D8-E72DA951F237}.Release|Any CPU.Build.0 = Release|Any CPU
	EndGlobalSection
	GlobalSection(SolutionProperties) = preSolution
		HideSolutionNode = FALSE
	EndGlobalSection
	GlobalSection(NestedProjects) = preSolution
		{F515B80C-18CD-41EA-84D8-E72DA951F237} = {DE479EB9-C694-4F86-AB0B-ABC4390330AF}
	EndGlobalSection
	GlobalSection(ExtensibilityGlobals) = postSolution
		SolutionGuid = {923DAA31-E094-48B9-807A-A1ADEA886713}
	EndGlobalSection
EndGlobal
